
Microsoft Visual Studio Solution File, Format Version 12.00
# Visual Studio Version 16
VisualStudioVersion = 16.0.30204.135
MinimumVisualStudioVersion = 10.0.40219.1
Project("{FAE04EC0-301F-11D3-BF4B-00C04F79EFBC}") = "RemotingObjects", "RemotingObjects\RemotingObjects.csproj", "{5EDB7DA1-958C-4D20-B3D0-C71332676934}"
EndProject
Global
	GlobalSection(SolutionConfigurationPlatforms) = preSolution
		Debug|Any CPU = Debug|Any CPU
		Release|Any CPU = Release|Any CPU
	EndGlobalSection
	GlobalSection(ProjectConfigurationPlatforms) = postSolution
		{5EDB7DA1-958C-4D20-B3D0-C71332676934}.Debug|Any CPU.ActiveCfg = Debug|Any CPU
		{5EDB7DA1-958C-4D20-B3D0-C71332676934}.Debug|Any CPU.Build.0 = Debug|Any CPU
		{5EDB7DA1-958C-4D20-B3D0-C71332676934}.Release|Any CPU.ActiveCfg = Release|Any CPU
		{5EDB7DA1-958C-4D20-B3D0-C71332676934}.Release|Any CPU.Build.0 = Release|Any CPU
	EndGlobalSection
	GlobalSection(SolutionProperties) = preSolution
		HideSolutionNode = FALSE
	EndGlobalSection
	GlobalSection(ExtensibilityGlobals) = postSolution
		SolutionGuid = {A91EC0E8-CEAB-41AB-AF40-AA356EE2E700}
	EndGlobalSection
EndGlobal
